
Microsoft Visual Studio Solution File, Format Version 12.00
# Visual Studio Version 17
VisualStudioVersion = 17.0.31912.275
MinimumVisualStudioVersion = 10.0.40219.1
Project("{FAE04EC0-301F-11D3-BF4B-00C04F79EFBC}") = "Program", "Program\Program.csproj", "{34D4F7CA-5DE8-4499-999C-8516B07805AD}"
EndProject
Global
	GlobalSection(SolutionConfigurationPlatforms) = preSolution
		Debug|Any CPU = Debug|Any CPU
		Release|Any CPU = Release|Any CPU
	EndGlobalSection
	GlobalSection(ProjectConfigurationPlatforms) = postSolution
		{34D4F7CA-5DE8-4499-999C-8516B07805AD}.Debug|Any CPU.ActiveCfg = Debug|Any CPU
		{34D4F7CA-5DE8-4499-999C-8516B07805AD}.Debug|Any CPU.Build.0 = Debug|Any CPU
		{34D4F7CA-5DE8-4499-999C-8516B07805AD}.Release|Any CPU.ActiveCfg = Release|Any CPU
		{34D4F7CA-5DE8-4499-999C-8516B07805AD}.Release|Any CPU.Build.0 = Release|Any CPU
	EndGlobalSection
	GlobalSection(SolutionProperties) = preSolution
		HideSolutionNode = FALSE
	EndGlobalSection
	GlobalSection(ExtensibilityGlobals) = postSolution
		SolutionGuid = {35FADDB8-7822-4FED-987D-8C97B307D226}
	EndGlobalSection
EndGlobal
